
Microsoft Visual Studio Solution File, Format Version 12.00
# Visual Studio Version 17
VisualStudioVersion = 17.7.34024.191
MinimumVisualStudioVersion = 10.0.40219.1
Project("{FAE04EC0-301F-11D3-BF4B-00C04F79EFBC}") = "RoomExamplePro_Gerasimov", "RoomExamplePro_Gerasimov\RoomExamplePro_Gerasimov.csproj", "{0827CE84-D924-4DD1-90FA-B12BAFAA5B0A}"
EndProject
Global
	GlobalSection(SolutionConfigurationPlatforms) = preSolution
		Debug|Any CPU = Debug|Any CPU
		Release|Any CPU = Release|Any CPU
	EndGlobalSection
	GlobalSection(ProjectConfigurationPlatforms) = postSolution
		{0827CE84-D924-4DD1-90FA-B12BAFAA5B0A}.Debug|Any CPU.ActiveCfg = Debug|Any CPU
		{0827CE84-D924-4DD1-90FA-B12BAFAA5B0A}.Debug|Any CPU.Build.0 = Debug|Any CPU
		{0827CE84-D924-4DD1-90FA-B12BAFAA5B0A}.Release|Any CPU.ActiveCfg = Release|Any CPU
		{0827CE84-D924-4DD1-90FA-B12BAFAA5B0A}.Release|Any CPU.Build.0 = Release|Any CPU
	EndGlobalSection
	GlobalSection(SolutionProperties) = preSolution
		HideSolutionNode = FALSE
	EndGlobalSection
	GlobalSection(ExtensibilityGlobals) = postSolution
		SolutionGuid = {279B11FC-C0AC-4F33-96A3-93D7E1781AE8}
	EndGlobalSection
EndGlobal
